// !$*UTF8*$!
{
	archiveVersion = 1;
	classes = {
	};
	objectVersion = 77;
	objects = {

/* Begin PBXBuildFile section */
		9920DF702E3C81AA0045E3EB /* MarkdownUI in Frameworks */ = {isa = PBXBuildFile; productRef = 9920DF6F2E3C81AA0045E3EB /* MarkdownUI */; };
		99442A1E2E28951B004A205C /* GoogleMobileAds in Frameworks */ = {isa = PBXBuildFile; productRef = 99442A1D2E28951B004A205C /* GoogleMobileAds */; };
		99442A212E289533004A205C /* SwiftUINavigation in Frameworks */ = {isa = PBXBuildFile; productRef = 99442A202E289533004A205C /* SwiftUINavigation */; };
		99442A242E28954D004A205C /* SharingGRDB in Frameworks */ = {isa = PBXBuildFile; productRef = 99442A232E28954D004A205C /* SharingGRDB */; };
		99442AAD2E2895CA004A205C /* MoreApps in Frameworks */ = {isa = PBXBuildFile; productRef = 99442AAC2E2895CA004A205C /* MoreApps */; };
		99442BBC2E2C475B004A205C /* SwiftUIFlowLayout in Frameworks */ = {isa = PBXBuildFile; productRef = 99442BBB2E2C475B004A205C /* SwiftUIFlowLayout */; };
		999235552E2C509700AE3AC9 /* SwiftUIFlowLayout in Frameworks */ = {isa = PBXBuildFile; productRef = 999235542E2C509700AE3AC9 /* SwiftUIFlowLayout */; };
/* End PBXBuildFile section */

/* Begin PBXFileReference section */
		99782A6F2E2890320029FD22 /* AppIdeas.app */ = {isa = PBXFileReference; explicitFileType = wrapper.application; includeInIndex = 0; path = AppIdeas.app; sourceTree = BUILT_PRODUCTS_DIR; };
/* End PBXFileReference section */

/* Begin PBXFileSystemSynchronizedBuildFileExceptionSet section */
		99442AAA2E2895BD004A205C /* Exceptions for "AppIdeas" folder in "AppIdeas" target */ = {
			isa = PBXFileSystemSynchronizedBuildFileExceptionSet;
			membershipExceptions = (
				Info.plist,
				Modules/MoreApps,
			);
			target = 99782A6E2E2890320029FD22 /* AppIdeas */;
		};
/* End PBXFileSystemSynchronizedBuildFileExceptionSet section */

/* Begin PBXFileSystemSynchronizedRootGroup section */
		99782A712E2890320029FD22 /* AppIdeas */ = {
			isa = PBXFileSystemSynchronizedRootGroup;
			exceptions = (
				99442AAA2E2895BD004A205C /* Exceptions for "AppIdeas" folder in "AppIdeas" target */,
			);
			path = AppIdeas;
			sourceTree = "<group>";
		};
/* End PBXFileSystemSynchronizedRootGroup section */

/* Begin PBXFrameworksBuildPhase section */
		99782A6C2E2890320029FD22 /* Frameworks */ = {
			isa = PBXFrameworksBuildPhase;
			buildActionMask = 2147483647;
			files = (
				99442A212E289533004A205C /* SwiftUINavigation in Frameworks */,
				9920DF702E3C81AA0045E3EB /* MarkdownUI in Frameworks */,
				99442A242E28954D004A205C /* SharingGRDB in Frameworks */,
				999235552E2C509700AE3AC9 /* SwiftUIFlowLayout in Frameworks */,
				99442BBC2E2C475B004A205C /* SwiftUIFlowLayout in Frameworks */,
				99442A1E2E28951B004A205C /* GoogleMobileAds in Frameworks */,
				99442AAD2E2895CA004A205C /* MoreApps in Frameworks */,
			);
			runOnlyForDeploymentPostprocessing = 0;
		};
/* End PBXFrameworksBuildPhase section */

/* Begin PBXGroup section */
		99442BBA2E2C475B004A205C /* Frameworks */ = {
			isa = PBXGroup;
			children = (
			);
			name = Frameworks;
			sourceTree = "<group>";
		};
		99782A662E2890320029FD22 = {
			isa = PBXGroup;
			children = (
				99782A712E2890320029FD22 /* AppIdeas */,
				99442BBA2E2C475B004A205C /* Frameworks */,
				99782A702E2890320029FD22 /* Products */,
			);
			sourceTree = "<group>";
		};
		99782A702E2890320029FD22 /* Products */ = {
			isa = PBXGroup;
			children = (
				99782A6F2E2890320029FD22 /* AppIdeas.app */,
			);
			name = Products;
			sourceTree = "<group>";
		};
/* End PBXGroup section */

/* Begin PBXNativeTarget section */
		99782A6E2E2890320029FD22 /* AppIdeas */ = {
			isa = PBXNativeTarget;
			buildConfigurationList = 99782A7A2E2890330029FD22 /* Build configuration list for PBXNativeTarget "AppIdeas" */;
			buildPhases = (
				99782A6B2E2890320029FD22 /* Sources */,
				99782A6C2E2890320029FD22 /* Frameworks */,
				99782A6D2E2890320029FD22 /* Resources */,
			);
			buildRules = (
			);
			dependencies = (
			);
			fileSystemSynchronizedGroups = (
				99782A712E2890320029FD22 /* AppIdeas */,
			);
			name = AppIdeas;
			packageProductDependencies = (
				99442A1D2E28951B004A205C /* GoogleMobileAds */,
				99442A202E289533004A205C /* SwiftUINavigation */,
				99442A232E28954D004A205C /* SharingGRDB */,
				99442AAC2E2895CA004A205C /* MoreApps */,
				99442BBB2E2C475B004A205C /* SwiftUIFlowLayout */,
				999235542E2C509700AE3AC9 /* SwiftUIFlowLayout */,
				9920DF6F2E3C81AA0045E3EB /* MarkdownUI */,
			);
			productName = AIPrompt;
			productReference = 99782A6F2E2890320029FD22 /* AppIdeas.app */;
			productType = "com.apple.product-type.application";
		};
/* End PBXNativeTarget section */

/* Begin PBXProject section */
		99782A672E2890320029FD22 /* Project object */ = {
			isa = PBXProject;
			attributes = {
				BuildIndependentTargetsInParallel = 1;
				LastSwiftUpdateCheck = 1640;
				LastUpgradeCheck = 1640;
				TargetAttributes = {
					99782A6E2E2890320029FD22 = {
						CreatedOnToolsVersion = 16.4;
					};
				};
			};
			buildConfigurationList = 99782A6A2E2890320029FD22 /* Build configuration list for PBXProject "AppIdeas" */;
			developmentRegion = en;
			hasScannedForEncodings = 0;
			knownRegions = (
				en,
				Base,
				"zh-Hans",
			);
			mainGroup = 99782A662E2890320029FD22;
			minimizedProjectReferenceProxies = 1;
			packageReferences = (
				99442A1C2E28951B004A205C /* XCRemoteSwiftPackageReference "swift-package-manager-google-mobile-ads" */,
				99442A1F2E289533004A205C /* XCRemoteSwiftPackageReference "swift-navigation" */,
				99442A222E28954D004A205C /* XCRemoteSwiftPackageReference "sharing-grdb" */,
				99442AAB2E2895CA004A205C /* XCLocalSwiftPackageReference "AIPrompt/Modules/MoreApps" */,
				999235532E2C509700AE3AC9 /* XCRemoteSwiftPackageReference "swiftui_flow_layout" */,
				9920DF6E2E3C81AA0045E3EB /* XCRemoteSwiftPackageReference "MarkdownUI" */,
			);
			preferredProjectObjectVersion = 77;
			productRefGroup = 99782A702E2890320029FD22 /* Products */;
			projectDirPath = "";
			projectRoot = "";
			targets = (
				99782A6E2E2890320029FD22 /* AppIdeas */,
			);
		};
/* End PBXProject section */

/* Begin PBXResourcesBuildPhase section */
		99782A6D2E2890320029FD22 /* Resources */ = {
			isa = PBXResourcesBuildPhase;
			buildActionMask = 2147483647;
			files = (
			);
			runOnlyForDeploymentPostprocessing = 0;
		};
/* End PBXResourcesBuildPhase section */

/* Begin PBXSourcesBuildPhase section */
		99782A6B2E2890320029FD22 /* Sources */ = {
			isa = PBXSourcesBuildPhase;
			buildActionMask = 2147483647;
			files = (
			);
			runOnlyForDeploymentPostprocessing = 0;
		};
/* End PBXSourcesBuildPhase section */

/* Begin XCBuildConfiguration section */
		99782A782E2890330029FD22 /* Debug */ = {
			isa = XCBuildConfiguration;
			baseConfigurationReferenceAnchor = 99782A712E2890320029FD22 /* AppIdeas */;
			baseConfigurationReferenceRelativePath = Config/Debug.xcconfig;
			buildSettings = {
				ALWAYS_SEARCH_USER_PATHS = NO;
				ASSETCATALOG_COMPILER_GENERATE_SWIFT_ASSET_SYMBOL_EXTENSIONS = YES;
				CLANG_ANALYZER_NONNULL = YES;
				CLANG_ANALYZER_NUMBER_OBJECT_CONVERSION = YES_AGGRESSIVE;
				CLANG_CXX_LANGUAGE_STANDARD = "gnu++20";
				CLANG_ENABLE_MODULES = YES;
				CLANG_ENABLE_OBJC_ARC = YES;
				CLANG_ENABLE_OBJC_WEAK = YES;
				CLANG_WARN_BLOCK_CAPTURE_AUTORELEASING = YES;
				CLANG_WARN_BOOL_CONVERSION = YES;
				CLANG_WARN_COMMA = YES;
				CLANG_WARN_CONSTANT_CONVERSION = YES;
				CLANG_WARN_DEPRECATED_OBJC_IMPLEMENTATIONS = YES;
				CLANG_WARN_DIRECT_OBJC_ISA_USAGE = YES_ERROR;
				CLANG_WARN_DOCUMENTATION_COMMENTS = YES;
				CLANG_WARN_EMPTY_BODY = YES;
				CLANG_WARN_ENUM_CONVERSION = YES;
				CLANG_WARN_INFINITE_RECURSION = YES;
				CLANG_WARN_INT_CONVERSION = YES;
				CLANG_WARN_NON_LITERAL_NULL_CONVERSION = YES;
				CLANG_WARN_OBJC_IMPLICIT_RETAIN_SELF = YES;
				CLANG_WARN_OBJC_LITERAL_CONVERSION = YES;
				CLANG_WARN_OBJC_ROOT_CLASS = YES_ERROR;
				CLANG_WARN_QUOTED_INCLUDE_IN_FRAMEWORK_HEADER = YES;
				CLANG_WARN_RANGE_LOOP_ANALYSIS = YES;
				CLANG_WARN_STRICT_PROTOTYPES = YES;
				CLANG_WARN_SUSPICIOUS_MOVE = YES;
				CLANG_WARN_UNGUARDED_AVAILABILITY = YES_AGGRESSIVE;
				CLANG_WARN_UNREACHABLE_CODE = YES;
				CLANG_WARN__DUPLICATE_METHOD_MATCH = YES;
				COPY_PHASE_STRIP = NO;
				DEBUG_INFORMATION_FORMAT = dwarf;
				DEVELOPMENT_TEAM = F694X76A5X;
				ENABLE_STRICT_OBJC_MSGSEND = YES;
				ENABLE_TESTABILITY = YES;
				ENABLE_USER_SCRIPT_SANDBOXING = YES;
				GCC_C_LANGUAGE_STANDARD = gnu17;
				GCC_DYNAMIC_NO_PIC = NO;
				GCC_NO_COMMON_BLOCKS = YES;
				GCC_OPTIMIZATION_LEVEL = 0;
				GCC_PREPROCESSOR_DEFINITIONS = (
					"DEBUG=1",
					"$(inherited)",
				);
				GCC_WARN_64_TO_32_BIT_CONVERSION = YES;
				GCC_WARN_ABOUT_RETURN_TYPE = YES_ERROR;
				GCC_WARN_UNDECLARED_SELECTOR = YES;
				GCC_WARN_UNINITIALIZED_AUTOS = YES_AGGRESSIVE;
				GCC_WARN_UNUSED_FUNCTION = YES;
				GCC_WARN_UNUSED_VARIABLE = YES;
				IPHONEOS_DEPLOYMENT_TARGET = 18.5;
				LOCALIZATION_PREFERS_STRING_CATALOGS = YES;
				MTL_ENABLE_DEBUG_INFO = INCLUDE_SOURCE;
				MTL_FAST_MATH = YES;
				ONLY_ACTIVE_ARCH = YES;
				SDKROOT = iphoneos;
				SWIFT_ACTIVE_COMPILATION_CONDITIONS = "DEBUG $(inherited)";
				SWIFT_OPTIMIZATION_LEVEL = "-Onone";
			};
			name = Debug;
		};
		99782A792E2890330029FD22 /* Release */ = {
			isa = XCBuildConfiguration;
			baseConfigurationReferenceAnchor = 99782A712E2890320029FD22 /* AppIdeas */;
			baseConfigurationReferenceRelativePath = Config/Release.xcconfig;
			buildSettings = {
				ALWAYS_SEARCH_USER_PATHS = NO;
				ASSETCATALOG_COMPILER_GENERATE_SWIFT_ASSET_SYMBOL_EXTENSIONS = YES;
				CLANG_ANALYZER_NONNULL = YES;
				CLANG_ANALYZER_NUMBER_OBJECT_CONVERSION = YES_AGGRESSIVE;
				CLANG_CXX_LANGUAGE_STANDARD = "gnu++20";
				CLANG_ENABLE_MODULES = YES;
				CLANG_ENABLE_OBJC_ARC = YES;
				CLANG_ENABLE_OBJC_WEAK = YES;
				CLANG_WARN_BLOCK_CAPTURE_AUTORELEASING = YES;
				CLANG_WARN_BOOL_CONVERSION = YES;
				CLANG_WARN_COMMA = YES;
				CLANG_WARN_CONSTANT_CONVERSION = YES;
				CLANG_WARN_DEPRECATED_OBJC_IMPLEMENTATIONS = YES;
				CLANG_WARN_DIRECT_OBJC_ISA_USAGE = YES_ERROR;
				CLANG_WARN_DOCUMENTATION_COMMENTS = YES;
				CLANG_WARN_EMPTY_BODY = YES;
				CLANG_WARN_ENUM_CONVERSION = YES;
				CLANG_WARN_INFINITE_RECURSION = YES;
				CLANG_WARN_INT_CONVERSION = YES;
				CLANG_WARN_NON_LITERAL_NULL_CONVERSION = YES;
				CLANG_WARN_OBJC_IMPLICIT_RETAIN_SELF = YES;
				CLANG_WARN_OBJC_LITERAL_CONVERSION = YES;
				CLANG_WARN_OBJC_ROOT_CLASS = YES_ERROR;
				CLANG_WARN_QUOTED_INCLUDE_IN_FRAMEWORK_HEADER = YES;
				CLANG_WARN_RANGE_LOOP_ANALYSIS = YES;
				CLANG_WARN_STRICT_PROTOTYPES = YES;
				CLANG_WARN_SUSPICIOUS_MOVE = YES;
				CLANG_WARN_UNGUARDED_AVAILABILITY = YES_AGGRESSIVE;
				CLANG_WARN_UNREACHABLE_CODE = YES;
				CLANG_WARN__DUPLICATE_METHOD_MATCH = YES;
				COPY_PHASE_STRIP = NO;
				DEBUG_INFORMATION_FORMAT = "dwarf-with-dsym";
				DEVELOPMENT_TEAM = F694X76A5X;
				ENABLE_NS_ASSERTIONS = NO;
				ENABLE_STRICT_OBJC_MSGSEND = YES;
				ENABLE_USER_SCRIPT_SANDBOXING = YES;
				GCC_C_LANGUAGE_STANDARD = gnu17;
				GCC_NO_COMMON_BLOCKS = YES;
				GCC_WARN_64_TO_32_BIT_CONVERSION = YES;
				GCC_WARN_ABOUT_RETURN_TYPE = YES_ERROR;
				GCC_WARN_UNDECLARED_SELECTOR = YES;
				GCC_WARN_UNINITIALIZED_AUTOS = YES_AGGRESSIVE;
				GCC_WARN_UNUSED_FUNCTION = YES;
				GCC_WARN_UNUSED_VARIABLE = YES;
				IPHONEOS_DEPLOYMENT_TARGET = 18.5;
				LOCALIZATION_PREFERS_STRING_CATALOGS = YES;
				MTL_ENABLE_DEBUG_INFO = NO;
				MTL_FAST_MATH = YES;
				SDKROOT = iphoneos;
				SWIFT_COMPILATION_MODE = wholemodule;
				VALIDATE_PRODUCT = YES;
			};
			name = Release;
		};
		99782A7B2E2890330029FD22 /* Debug */ = {
			isa = XCBuildConfiguration;
			buildSettings = {
				ASSETCATALOG_COMPILER_APPICON_NAME = AppIcon;
				ASSETCATALOG_COMPILER_GLOBAL_ACCENT_COLOR_NAME = AccentColor;
				CODE_SIGN_STYLE = Automatic;
				CURRENT_PROJECT_VERSION = 1.0.0.2;
				DEVELOPMENT_TEAM = F694X76A5X;
				ENABLE_PREVIEWS = YES;
				GENERATE_INFOPLIST_FILE = YES;
				INFOPLIST_FILE = AppIdeas/Info.plist;
				INFOPLIST_KEY_LSApplicationCategoryType = "public.app-category.utilities";
				INFOPLIST_KEY_NSUserTrackingUsageDescription = "This identifier will be used to deliver personalized ads to you.";
				INFOPLIST_KEY_UIApplicationSceneManifest_Generation = YES;
				INFOPLIST_KEY_UIApplicationSupportsIndirectInputEvents = YES;
				INFOPLIST_KEY_UILaunchScreen_Generation = YES;
				INFOPLIST_KEY_UISupportedInterfaceOrientations_iPad = "UIInterfaceOrientationPortrait UIInterfaceOrientationPortraitUpsideDown UIInterfaceOrientationLandscapeLeft UIInterfaceOrientationLandscapeRight";
				INFOPLIST_KEY_UISupportedInterfaceOrientations_iPhone = "UIInterfaceOrientationPortrait UIInterfaceOrientationLandscapeLeft UIInterfaceOrientationLandscapeRight";
				IPHONEOS_DEPLOYMENT_TARGET = 17.0;
				LD_RUNPATH_SEARCH_PATHS = (
					"$(inherited)",
					"@executable_path/Frameworks",
				);
				MARKETING_VERSION = 1.0.0;
				PRODUCT_BUNDLE_IDENTIFIER = com.appsbay.appIdeas;
				PRODUCT_NAME = "$(TARGET_NAME)";
				SWIFT_EMIT_LOC_STRINGS = YES;
				SWIFT_VERSION = 5.0;
				TARGETED_DEVICE_FAMILY = "1,2";
			};
			name = Debug;
		};
		99782A7C2E2890330029FD22 /* Release */ = {
			isa = XCBuildConfiguration;
			buildSettings = {
				ASSETCATALOG_COMPILER_APPICON_NAME = AppIcon;
				ASSETCATALOG_COMPILER_GLOBAL_ACCENT_COLOR_NAME = AccentColor;
				CODE_SIGN_STYLE = Automatic;
				CURRENT_PROJECT_VERSION = 1.0.0.2;
				DEVELOPMENT_TEAM = F694X76A5X;
				ENABLE_PREVIEWS = YES;
				GENERATE_INFOPLIST_FILE = YES;
				INFOPLIST_FILE = AppIdeas/Info.plist;
				INFOPLIST_KEY_LSApplicationCategoryType = "public.app-category.utilities";
				INFOPLIST_KEY_NSUserTrackingUsageDescription = "This identifier will be used to deliver personalized ads to you.";
				INFOPLIST_KEY_UIApplicationSceneManifest_Generation = YES;
				INFOPLIST_KEY_UIApplicationSupportsIndirectInputEvents = YES;
				INFOPLIST_KEY_UILaunchScreen_Generation = YES;
				INFOPLIST_KEY_UISupportedInterfaceOrientations_iPad = "UIInterfaceOrientationPortrait UIInterfaceOrientationPortraitUpsideDown UIInterfaceOrientationLandscapeLeft UIInterfaceOrientationLandscapeRight";
				INFOPLIST_KEY_UISupportedInterfaceOrientations_iPhone = "UIInterfaceOrientationPortrait UIInterfaceOrientationLandscapeLeft UIInterfaceOrientationLandscapeRight";
				IPHONEOS_DEPLOYMENT_TARGET = 17.0;
				LD_RUNPATH_SEARCH_PATHS = (
					"$(inherited)",
					"@executable_path/Frameworks",
				);
				MARKETING_VERSION = 1.0.0;
				PRODUCT_BUNDLE_IDENTIFIER = com.appsbay.appIdeas;
				PRODUCT_NAME = "$(TARGET_NAME)";
				SWIFT_EMIT_LOC_STRINGS = YES;
				SWIFT_VERSION = 5.0;
				TARGETED_DEVICE_FAMILY = "1,2";
			};
			name = Release;
		};
/* End XCBuildConfiguration section */

/* Begin XCConfigurationList section */
		99782A6A2E2890320029FD22 /* Build configuration list for PBXProject "AppIdeas" */ = {
			isa = XCConfigurationList;
			buildConfigurations = (
				99782A782E2890330029FD22 /* Debug */,
				99782A792E2890330029FD22 /* Release */,
			);
			defaultConfigurationIsVisible = 0;
			defaultConfigurationName = Release;
		};
		99782A7A2E2890330029FD22 /* Build configuration list for PBXNativeTarget "AppIdeas" */ = {
			isa = XCConfigurationList;
			buildConfigurations = (
				99782A7B2E2890330029FD22 /* Debug */,
				99782A7C2E2890330029FD22 /* Release */,
			);
			defaultConfigurationIsVisible = 0;
			defaultConfigurationName = Release;
		};
/* End XCConfigurationList section */

/* Begin XCLocalSwiftPackageReference section */
		99442AAB2E2895CA004A205C /* XCLocalSwiftPackageReference "AIPrompt/Modules/MoreApps" */ = {
			isa = XCLocalSwiftPackageReference;
			relativePath = AIPrompt/Modules/MoreApps;
		};
/* End XCLocalSwiftPackageReference section */

/* Begin XCRemoteSwiftPackageReference section */
		9920DF6E2E3C81AA0045E3EB /* XCRemoteSwiftPackageReference "MarkdownUI" */ = {
			isa = XCRemoteSwiftPackageReference;
			repositoryURL = "https://github.com/gonzalezreal/MarkdownUI";
			requirement = {
				kind = upToNextMajorVersion;
				minimumVersion = 2.4.1;
			};
		};
		99442A1C2E28951B004A205C /* XCRemoteSwiftPackageReference "swift-package-manager-google-mobile-ads" */ = {
			isa = XCRemoteSwiftPackageReference;
			repositoryURL = "https://github.com/googleads/swift-package-manager-google-mobile-ads.git";
			requirement = {
				kind = upToNextMajorVersion;
				minimumVersion = 12.7.0;
			};
		};
		99442A1F2E289533004A205C /* XCRemoteSwiftPackageReference "swift-navigation" */ = {
			isa = XCRemoteSwiftPackageReference;
			repositoryURL = "https://github.com/pointfreeco/swift-navigation";
			requirement = {
				kind = upToNextMajorVersion;
				minimumVersion = 2.3.1;
			};
		};
		99442A222E28954D004A205C /* XCRemoteSwiftPackageReference "sharing-grdb" */ = {
			isa = XCRemoteSwiftPackageReference;
			repositoryURL = "https://github.com/pointfreeco/sharing-grdb";
			requirement = {
				kind = upToNextMajorVersion;
				minimumVersion = 0.5.0;
			};
		};
		999235532E2C509700AE3AC9 /* XCRemoteSwiftPackageReference "swiftui_flow_layout" */ = {
			isa = XCRemoteSwiftPackageReference;
			repositoryURL = "https://github.com/banghuazhao/swiftui_flow_layout";
			requirement = {
				kind = upToNextMajorVersion;
				minimumVersion = 0.1.0;
			};
		};
/* End XCRemoteSwiftPackageReference section */

/* Begin XCSwiftPackageProductDependency section */
		9920DF6F2E3C81AA0045E3EB /* MarkdownUI */ = {
			isa = XCSwiftPackageProductDependency;
			package = 9920DF6E2E3C81AA0045E3EB /* XCRemoteSwiftPackageReference "MarkdownUI" */;
			productName = MarkdownUI;
		};
		99442A1D2E28951B004A205C /* GoogleMobileAds */ = {
			isa = XCSwiftPackageProductDependency;
			package = 99442A1C2E28951B004A205C /* XCRemoteSwiftPackageReference "swift-package-manager-google-mobile-ads" */;
			productName = GoogleMobileAds;
		};
		99442A202E289533004A205C /* SwiftUINavigation */ = {
			isa = XCSwiftPackageProductDependency;
			package = 99442A1F2E289533004A205C /* XCRemoteSwiftPackageReference "swift-navigation" */;
			productName = SwiftUINavigation;
		};
		99442A232E28954D004A205C /* SharingGRDB */ = {
			isa = XCSwiftPackageProductDependency;
			package = 99442A222E28954D004A205C /* XCRemoteSwiftPackageReference "sharing-grdb" */;
			productName = SharingGRDB;
		};
		99442AAC2E2895CA004A205C /* MoreApps */ = {
			isa = XCSwiftPackageProductDependency;
			productName = MoreApps;
		};
		99442BBB2E2C475B004A205C /* SwiftUIFlowLayout */ = {
			isa = XCSwiftPackageProductDependency;
			productName = SwiftUIFlowLayout;
		};
		999235542E2C509700AE3AC9 /* SwiftUIFlowLayout */ = {
			isa = XCSwiftPackageProductDependency;
			package = 999235532E2C509700AE3AC9 /* XCRemoteSwiftPackageReference "swiftui_flow_layout" */;
			productName = SwiftUIFlowLayout;
		};
/* End XCSwiftPackageProductDependency section */
	};
	rootObject = 99782A672E2890320029FD22 /* Project object */;
}
